
Microsoft Visual Studio Solution File, Format Version 12.00
# Visual Studio Version 17
VisualStudioVersion = 17.3.32929.385
MinimumVisualStudioVersion = 10.0.40219.1
Project("{2150E333-8FDC-42A3-9474-1A3956D46DE8}") = "MobileDevices", "MobileDevices", "{8D63AB76-50B0-4486-8524-78BA0A8D14B1}"
EndProject
Project("{39E2626F-3545-4960-A6E8-258AD8476CE5}") = "MobileDevices.Android.Packaging", "MobileDevices.Android.Packaging\MobileDevices.Android.Packaging.androidproj", "{1DD50189-FC85-41EB-B493-F1F6F92EDBD8}"
EndProject
Project("{740547C8-F205-44CF-8284-0B59C7DD69BD}") = "MobileDevices.iOS.Application", "MobileDevices.iOS.Application\MobileDevices.iOS.Application.xcodeproj\project.pbxproj", "{0080C2AF-3F1D-42AB-9618-555EF2183E33}"
EndProject
Project("{2150E333-8FDC-42A3-9474-1A3956D46DE8}") = "Libraries", "Libraries", "{D0693B16-F0B0-4AFF-937B-0C4510220FBF}"
EndProject
Project("{8BC9CEB8-8B4A-11D0-8D11-00A0C91BC942}") = "MobileDevices.Shared", "MobileDevices.Shared\MobileDevices.Shared.vcxitems", "{A42F9B1E-51EE-4D1A-8896-F6435828F528}"
EndProject
Project("{8BC9CEB8-8B4A-11D0-8D11-00A0C91BC942}") = "MobileDevices.Android.NativeActivity", "MobileDevices.Android.NativeActivity\MobileDevices.Android.NativeActivity.vcxproj", "{A0F05EEB-498D-42C2-8780-5A8ADD7BE1E6}"
EndProject
Project("{8BC9CEB8-8B4A-11D0-8D11-00A0C91BC942}") = "MobileDevices.iOS.StaticLibrary", "MobileDevices.iOS.StaticLibrary\MobileDevices.iOS.StaticLibrary.vcxproj", "{9723A0D4-5777-4291-A2CB-56EBDD4B1A97}"
EndProject
Global
	GlobalSection(SolutionConfigurationPlatforms) = preSolution
		Debug|ARM = Debug|ARM
		Debug|ARM64 = Debug|ARM64
		Debug|x64 = Debug|x64
		Debug|x86 = Debug|x86
		Release|ARM = Release|ARM
		Release|ARM64 = Release|ARM64
		Release|x64 = Release|x64
		Release|x86 = Release|x86
	EndGlobalSection
	GlobalSection(ProjectConfigurationPlatforms) = postSolution
		{1DD50189-FC85-41EB-B493-F1F6F92EDBD8}.Debug|ARM.ActiveCfg = Debug|ARM
		{1DD50189-FC85-41EB-B493-F1F6F92EDBD8}.Debug|ARM.Build.0 = Debug|ARM
		{1DD50189-FC85-41EB-B493-F1F6F92EDBD8}.Debug|ARM.Deploy.0 = Debug|ARM
		{1DD50189-FC85-41EB-B493-F1F6F92EDBD8}.Debug|ARM64.ActiveCfg = Debug|ARM64
		{1DD50189-FC85-41EB-B493-F1F6F92EDBD8}.Debug|ARM64.Build.0 = Debug|ARM64
		{1DD50189-FC85-41EB-B493-F1F6F92EDBD8}.Debug|ARM64.Deploy.0 = Debug|ARM64
		{1DD50189-FC85-41EB-B493-F1F6F92EDBD8}.Debug|x64.ActiveCfg = Debug|x64
		{1DD50189-FC85-41EB-B493-F1F6F92EDBD8}.Debug|x64.Build.0 = Debug|x64
		{1DD50189-FC85-41EB-B493-F1F6F92EDBD8}.Debug|x64.Deploy.0 = Debug|x64
		{1DD50189-FC85-41EB-B493-F1F6F92EDBD8}.Debug|x86.ActiveCfg = Debug|x86
		{1DD50189-FC85-41EB-B493-F1F6F92EDBD8}.Debug|x86.Build.0 = Debug|x86
		{1DD50189-FC85-41EB-B493-F1F6F92EDBD8}.Debug|x86.Deploy.0 = Debug|x86
		{1DD50189-FC85-41EB-B493-F1F6F92EDBD8}.Release|ARM.ActiveCfg = Release|ARM
		{1DD50189-FC85-41EB-B493-F1F6F92EDBD8}.Release|ARM.Build.0 = Release|ARM
		{1DD50189-FC85-41EB-B493-F1F6F92EDBD8}.Release|ARM.Deploy.0 = Release|ARM
		{1DD50189-FC85-41EB-B493-F1F6F92EDBD8}.Release|ARM64.ActiveCfg = Release|ARM64
		{1DD50189-FC85-41EB-B493-F1F6F92EDBD8}.Release|ARM64.Build.0 = Release|ARM64
		{1DD50189-FC85-41EB-B493-F1F6F92EDBD8}.Release|ARM64.Deploy.0 = Release|ARM64
		{1DD50189-FC85-41EB-B493-F1F6F92EDBD8}.Release|x64.ActiveCfg = Release|x64
		{1DD50189-FC85-41EB-B493-F1F6F92EDBD8}.Release|x64.Build.0 = Release|x64
		{1DD50189-FC85-41EB-B493-F1F6F92EDBD8}.Release|x64.Deploy.0 = Release|x64
		{1DD50189-FC85-41EB-B493-F1F6F92EDBD8}.Release|x86.ActiveCfg = Release|x86
		{1DD50189-FC85-41EB-B493-F1F6F92EDBD8}.Release|x86.Build.0 = Release|x86
		{1DD50189-FC85-41EB-B493-F1F6F92EDBD8}.Release|x86.Deploy.0 = Release|x86
		{0080C2AF-3F1D-42AB-9618-555EF2183E33}.Debug|ARM.ActiveCfg = Debug|ARM
		{0080C2AF-3F1D-42AB-9618-555EF2183E33}.Debug|ARM.Build.0 = Debug|ARM
		{0080C2AF-3F1D-42AB-9618-555EF2183E33}.Debug|ARM.Deploy.0 = Debug|ARM
		{0080C2AF-3F1D-42AB-9618-555EF2183E33}.Debug|ARM64.ActiveCfg = Debug|ARM64
		{0080C2AF-3F1D-42AB-9618-555EF2183E33}.Debug|ARM64.Build.0 = Debug|ARM64
		{0080C2AF-3F1D-42AB-9618-555EF2183E33}.Debug|ARM64.Deploy.0 = Debug|ARM64
		{0080C2AF-3F1D-42AB-9618-555EF2183E33}.Debug|x64.ActiveCfg = Debug|x64
		{0080C2AF-3F1D-42AB-9618-555EF2183E33}.Debug|x64.Build.0 = Debug|x64
		{0080C2AF-3F1D-42AB-9618-555EF2183E33}.Debug|x64.Deploy.0 = Debug|x64
		{0080C2AF-3F1D-42AB-9618-555EF2183E33}.Debug|x86.ActiveCfg = Debug|x86
		{0080C2AF-3F1D-42AB-9618-555EF2183E33}.Debug|x86.Build.0 = Debug|x86
		{0080C2AF-3F1D-42AB-9618-555EF2183E33}.Debug|x86.Deploy.0 = Debug|x86
		{0080C2AF-3F1D-42AB-9618-555EF2183E33}.Release|ARM.ActiveCfg = Release|ARM
		{0080C2AF-3F1D-42AB-9618-555EF2183E33}.Release|ARM.Build.0 = Release|ARM
		{0080C2AF-3F1D-42AB-9618-555EF2183E33}.Release|ARM.Deploy.0 = Release|ARM
		{0080C2AF-3F1D-42AB-9618-555EF2183E33}.Release|ARM64.ActiveCfg = Release|ARM64
		{0080C2AF-3F1D-42AB-9618-555EF2183E33}.Release|ARM64.Build.0 = Release|ARM64
		{0080C2AF-3F1D-42AB-9618-555EF2183E33}.Release|ARM64.Deploy.0 = Release|ARM64
		{0080C2AF-3F1D-42AB-9618-555EF2183E33}.Release|x64.ActiveCfg = Release|x64
		{0080C2AF-3F1D-42AB-9618-555EF2183E33}.Release|x64.Build.0 = Release|x64
		{0080C2AF-3F1D-42AB-9618-555EF2183E33}.Release|x64.Deploy.0 = Release|x64
		{0080C2AF-3F1D-42AB-9618-555EF2183E33}.Release|x86.ActiveCfg = Release|x86
		{0080C2AF-3F1D-42AB-9618-555EF2183E33}.Release|x86.Build.0 = Release|x86
		{0080C2AF-3F1D-42AB-9618-555EF2183E33}.Release|x86.Deploy.0 = Release|x86
		{A0F05EEB-498D-42C2-8780-5A8ADD7BE1E6}.Debug|ARM.ActiveCfg = Debug|ARM
		{A0F05EEB-498D-42C2-8780-5A8ADD7BE1E6}.Debug|ARM.Build.0 = Debug|ARM
		{A0F05EEB-498D-42C2-8780-5A8ADD7BE1E6}.Debug|ARM64.ActiveCfg = Debug|ARM64
		{A0F05EEB-498D-42C2-8780-5A8ADD7BE1E6}.Debug|ARM64.Build.0 = Debug|ARM64
		{A0F05EEB-498D-42C2-8780-5A8ADD7BE1E6}.Debug|x64.ActiveCfg = Debug|x64
		{A0F05EEB-498D-42C2-8780-5A8ADD7BE1E6}.Debug|x64.Build.0 = Debug|x64
		{A0F05EEB-498D-42C2-8780-5A8ADD7BE1E6}.Debug|x86.ActiveCfg = Debug|x86
		{A0F05EEB-498D-42C2-8780-5A8ADD7BE1E6}.Debug|x86.Build.0 = Debug|x86
		{A0F05EEB-498D-42C2-8780-5A8ADD7BE1E6}.Release|ARM.ActiveCfg = Release|ARM
		{A0F05EEB-498D-42C2-8780-5A8ADD7BE1E6}.Release|ARM.Build.0 = Release|ARM
		{A0F05EEB-498D-42C2-8780-5A8ADD7BE1E6}.Release|ARM64.ActiveCfg = Release|ARM64
		{A0F05EEB-498D-42C2-8780-5A8ADD7BE1E6}.Release|ARM64.Build.0 = Release|ARM64
		{A0F05EEB-498D-42C2-8780-5A8ADD7BE1E6}.Release|x64.ActiveCfg = Release|x64
		{A0F05EEB-498D-42C2-8780-5A8ADD7BE1E6}.Release|x64.Build.0 = Release|x64
		{A0F05EEB-498D-42C2-8780-5A8ADD7BE1E6}.Release|x86.ActiveCfg = Release|x86
		{A0F05EEB-498D-42C2-8780-5A8ADD7BE1E6}.Release|x86.Build.0 = Release|x86
		{9723A0D4-5777-4291-A2CB-56EBDD4B1A97}.Debug|ARM.ActiveCfg = Debug|ARM
		{9723A0D4-5777-4291-A2CB-56EBDD4B1A97}.Debug|ARM.Build.0 = Debug|ARM
		{9723A0D4-5777-4291-A2CB-56EBDD4B1A97}.Debug|ARM64.ActiveCfg = Debug|ARM64
		{9723A0D4-5777-4291-A2CB-56EBDD4B1A97}.Debug|ARM64.Build.0 = Debug|ARM64
		{9723A0D4-5777-4291-A2CB-56EBDD4B1A97}.Debug|x64.ActiveCfg = Debug|x64
		{9723A0D4-5777-4291-A2CB-56EBDD4B1A97}.Debug|x64.Build.0 = Debug|x64
		{9723A0D4-5777-4291-A2CB-56EBDD4B1A97}.Debug|x86.ActiveCfg = Debug|x86
		{9723A0D4-5777-4291-A2CB-56EBDD4B1A97}.Debug|x86.Build.0 = Debug|x86
		{9723A0D4-5777-4291-A2CB-56EBDD4B1A97}.Release|ARM.ActiveCfg = Release|ARM
		{9723A0D4-5777-4291-A2CB-56EBDD4B1A97}.Release|ARM.Build.0 = Release|ARM
		{9723A0D4-5777-4291-A2CB-56EBDD4B1A97}.Release|ARM64.ActiveCfg = Release|ARM64
		{9723A0D4-5777-4291-A2CB-56EBDD4B1A97}.Release|ARM64.Build.0 = Release|ARM64
		{9723A0D4-5777-4291-A2CB-56EBDD4B1A97}.Release|x64.ActiveCfg = Release|x64
		{9723A0D4-5777-4291-A2CB-56EBDD4B1A97}.Release|x64.Build.0 = Release|x64
		{9723A0D4-5777-4291-A2CB-56EBDD4B1A97}.Release|x86.ActiveCfg = Release|x86
		{9723A0D4-5777-4291-A2CB-56EBDD4B1A97}.Release|x86.Build.0 = Release|x86
	EndGlobalSection
	GlobalSection(SolutionProperties) = preSolution
		HideSolutionNode = FALSE
	EndGlobalSection
	GlobalSection(NestedProjects) = preSolution
		{1DD50189-FC85-41EB-B493-F1F6F92EDBD8} = {8D63AB76-50B0-4486-8524-78BA0A8D14B1}
		{0080C2AF-3F1D-42AB-9618-555EF2183E33} = {8D63AB76-50B0-4486-8524-78BA0A8D14B1}
		{D0693B16-F0B0-4AFF-937B-0C4510220FBF} = {8D63AB76-50B0-4486-8524-78BA0A8D14B1}
		{A42F9B1E-51EE-4D1A-8896-F6435828F528} = {D0693B16-F0B0-4AFF-937B-0C4510220FBF}
		{A0F05EEB-498D-42C2-8780-5A8ADD7BE1E6} = {D0693B16-F0B0-4AFF-937B-0C4510220FBF}
		{9723A0D4-5777-4291-A2CB-56EBDD4B1A97} = {D0693B16-F0B0-4AFF-937B-0C4510220FBF}
	EndGlobalSection
	GlobalSection(ExtensibilityGlobals) = postSolution
		SolutionGuid = {D67C6DBF-93A0-48B5-A2A9-70E37717D1D8}
	EndGlobalSection
	GlobalSection(SharedMSBuildProjectFiles) = preSolution
		MobileDevices.Shared\MobileDevices.Shared.vcxitems*{9723a0d4-5777-4291-a2cb-56ebdd4b1a97}*SharedItemsImports = 4
		MobileDevices.Shared\MobileDevices.Shared.vcxitems*{a0f05eeb-498d-42c2-8780-5a8add7be1e6}*SharedItemsImports = 4
		MobileDevices.Shared\MobileDevices.Shared.vcxitems*{a42f9b1e-51ee-4d1a-8896-f6435828f528}*SharedItemsImports = 9
	EndGlobalSection
EndGlobal
