<?xml version="1.0" encoding="utf-8"?>
<Project ToolsVersion="4.0" xmlns="http://schemas.microsoft.com/developer/msbuild/2003">
  <ItemGroup>
    <Filter Include="MobileDevices.iOS">
      <UniqueIdentifier>{cbbdecf1-0b65-444b-ae88-06a1e867cd29}</UniqueIdentifier>
    </Filter>
    <Filter Include="MobileDevices.iOS\Images.xcassets">
      <UniqueIdentifier>{39958a2b-03c2-4218-8d98-79359a5d1276}</UniqueIdentifier>
      <Extensions>MobileDevices.iOS\Images.xcassets\*</Extensions>
    </Filter>
    <Filter Include="MobileDevices.iOS\Images.xcassets\AppIcon.appiconset">
      <UniqueIdentifier>{fd98f992-22a6-417a-84e2-2b0678fc2610}</UniqueIdentifier>
      <Extensions>MobileDevices.iOS\Images.xcassets\AppIcon.appiconset\*</Extensions>
    </Filter>
    <Filter Include="MobileDevices.iOS\Supporting Files">
      <UniqueIdentifier>{b0df8701-5d56-406c-85c9-cf853ea083b1}</UniqueIdentifier>
    </Filter>
  </ItemGroup>
  <ItemGroup>
    <ClCompile Include="MobileDevices.iOS\AppDelegate.m">
      <Filter>MobileDevices.iOS</Filter>
    </ClCompile>
    <ClCompile Include="MobileDevices.iOS\GameViewController.m">
      <Filter>MobileDevices.iOS</Filter>
    </ClCompile>
    <ClCompile Include="MobileDevices.iOS\main.m">
      <Filter>MobileDevices.iOS\Supporting Files</Filter>
    </ClCompile>
    <ClInclude Include="MobileDevices.iOS\AppDelegate.h">
      <Filter>MobileDevices.iOS</Filter>
    </ClInclude>
    <ClInclude Include="MobileDevices.iOS\GameViewController.h">
      <Filter>MobileDevices.iOS</Filter>
    </ClInclude>
    <Content Include="MobileDevices.iOS\Base.lproj\Main.storyboard">
      <Filter>MobileDevices.iOS</Filter>
    </Content>
    <Content Include="MobileDevices.iOS\Images.xcassets\AppIcon.appiconset\Contents.json">
      <Filter>MobileDevices.iOS\Images.xcassets\AppIcon.appiconset</Filter>
    </Content>
    <InfoPlist Include="MobileDevices.iOS\Info.plist">
      <Filter>MobileDevices.iOS\Supporting Files</Filter>
    </InfoPlist>
  </ItemGroup>
</Project>